
Microsoft Visual Studio Solution File, Format Version 12.00
# Visual Studio Version 17
VisualStudioVersion = 17.8.34330.188
MinimumVisualStudioVersion = 10.0.40219.1
Project("{9A19103F-16F7-4668-BE54-9A1E7A4F7556}") = "TradingEngineServer", "TradingEngineServer\TradingEngineServer.csproj", "{F78C82F8-24E7-4B30-9157-84AA2EBF24C4}"
EndProject
Project("{9A19103F-16F7-4668-BE54-9A1E7A4F7556}") = "LoggingCS", "..\..\LoggingCS\LoggingCS\LoggingCS.csproj", "{C9FF2B21-8F03-438A-8580-7C70B232727F}"
EndProject
Project("{FAE04EC0-301F-11D3-BF4B-00C04F79EFBC}") = "InstrumentCS", "..\..\InstrumentCS\InstrumentCS.csproj", "{34CB238F-0D7E-4ACB-85FA-806B23EF6A61}"
EndProject
Project("{FAE04EC0-301F-11D3-BF4B-00C04F79EFBC}") = "OrdersCS", "..\..\OrdersCS\OrdersCS.csproj", "{8C5DE4BC-D606-4E7A-9593-7A951F06553D}"
EndProject
Project("{FAE04EC0-301F-11D3-BF4B-00C04F79EFBC}") = "OrderbookCS", "..\..\OrderbookCS\OrderbookCS.csproj", "{F9747098-E911-4501-8CCB-05E17D905FB9}"
EndProject
Global
	GlobalSection(SolutionConfigurationPlatforms) = preSolution
		Debug|Any CPU = Debug|Any CPU
		Release|Any CPU = Release|Any CPU
	EndGlobalSection
	GlobalSection(ProjectConfigurationPlatforms) = postSolution
		{F78C82F8-24E7-4B30-9157-84AA2EBF24C4}.Debug|Any CPU.ActiveCfg = Debug|Any CPU
		{F78C82F8-24E7-4B30-9157-84AA2EBF24C4}.Debug|Any CPU.Build.0 = Debug|Any CPU
		{F78C82F8-24E7-4B30-9157-84AA2EBF24C4}.Release|Any CPU.ActiveCfg = Release|Any CPU
		{F78C82F8-24E7-4B30-9157-84AA2EBF24C4}.Release|Any CPU.Build.0 = Release|Any CPU
		{C9FF2B21-8F03-438A-8580-7C70B232727F}.Debug|Any CPU.ActiveCfg = Debug|Any CPU
		{C9FF2B21-8F03-438A-8580-7C70B232727F}.Debug|Any CPU.Build.0 = Debug|Any CPU
		{C9FF2B21-8F03-438A-8580-7C70B232727F}.Release|Any CPU.ActiveCfg = Release|Any CPU
		{C9FF2B21-8F03-438A-8580-7C70B232727F}.Release|Any CPU.Build.0 = Release|Any CPU
		{34CB238F-0D7E-4ACB-85FA-806B23EF6A61}.Debug|Any CPU.ActiveCfg = Debug|Any CPU
		{34CB238F-0D7E-4ACB-85FA-806B23EF6A61}.Debug|Any CPU.Build.0 = Debug|Any CPU
		{34CB238F-0D7E-4ACB-85FA-806B23EF6A61}.Release|Any CPU.ActiveCfg = Release|Any CPU
		{34CB238F-0D7E-4ACB-85FA-806B23EF6A61}.Release|Any CPU.Build.0 = Release|Any CPU
		{8C5DE4BC-D606-4E7A-9593-7A951F06553D}.Debug|Any CPU.ActiveCfg = Debug|Any CPU
		{8C5DE4BC-D606-4E7A-9593-7A951F06553D}.Debug|Any CPU.Build.0 = Debug|Any CPU
		{8C5DE4BC-D606-4E7A-9593-7A951F06553D}.Release|Any CPU.ActiveCfg = Release|Any CPU
		{8C5DE4BC-D606-4E7A-9593-7A951F06553D}.Release|Any CPU.Build.0 = Release|Any CPU
		{F9747098-E911-4501-8CCB-05E17D905FB9}.Debug|Any CPU.ActiveCfg = Debug|Any CPU
		{F9747098-E911-4501-8CCB-05E17D905FB9}.Debug|Any CPU.Build.0 = Debug|Any CPU
		{F9747098-E911-4501-8CCB-05E17D905FB9}.Release|Any CPU.ActiveCfg = Release|Any CPU
		{F9747098-E911-4501-8CCB-05E17D905FB9}.Release|Any CPU.Build.0 = Release|Any CPU
	EndGlobalSection
	GlobalSection(SolutionProperties) = preSolution
		HideSolutionNode = FALSE
	EndGlobalSection
	GlobalSection(ExtensibilityGlobals) = postSolution
		SolutionGuid = {46EEC663-2253-4393-9861-B939BC929B69}
	EndGlobalSection
EndGlobal
